
Microsoft Visual Studio Solution File, Format Version 12.00
# Visual Studio 15
VisualStudioVersion = 15.0.27703.2042
MinimumVisualStudioVersion = 10.0.40219.1
Project("{2150E333-8FDC-42A3-9474-1A3956D46DE8}") = "samples", "samples", "{4BD498A6-1F04-4713-9311-23E1FD259E02}"
EndProject
Project("{9A19103F-16F7-4668-BE54-9A1E7A4F7556}") = "CacheHttpResponse", "samples\CacheHttpResponse\CacheHttpResponse.csproj", "{C9F95197-E59B-452D-A20B-12B975771B70}"
EndProject
Project("{9A19103F-16F7-4668-BE54-9A1E7A4F7556}") = "Mtk.CacheOnce", "Mtk.CacheOnce\Mtk.CacheOnce.csproj", "{EFDD9152-55E0-47E5-9001-9F1732151A33}"
EndProject
Project("{9A19103F-16F7-4668-BE54-9A1E7A4F7556}") = "Mtk.CacheOnce.Benchmarks", "Mtk.CacheOnce.Benchmarks\Mtk.CacheOnce.Benchmarks.csproj", "{0F5AE614-49A8-4426-B790-4CD0148EB5F9}"
EndProject
Project("{FAE04EC0-301F-11D3-BF4B-00C04F79EFBC}") = "Mtk.CacheOnce.TwoLayer", "Mtk.CacheOnce.TwoLayer\Mtk.CacheOnce.TwoLayer.csproj", "{977BC70B-2E0C-4C9D-BBBF-624F4CC0958C}"
EndProject
Project("{2150E333-8FDC-42A3-9474-1A3956D46DE8}") = "tests", "tests", "{C4C4CA0F-FD97-4BC9-A46C-7FEE6D4363E3}"
EndProject
Project("{FAE04EC0-301F-11D3-BF4B-00C04F79EFBC}") = "Mtk.CacheOnce.TwoLayer.Tests", "tests\Mtk.CacheOnce.TwoLayer.Tests\Mtk.CacheOnce.TwoLayer.Tests.csproj", "{F8595702-E8E7-4D24-8380-43D7406B0B3A}"
EndProject
Project("{9A19103F-16F7-4668-BE54-9A1E7A4F7556}") = "Mtk.CacheOnce.Tests", "tests\Mtk.CacheOnce.Tests\Mtk.CacheOnce.Tests.csproj", "{E955D39F-98E1-403B-9782-0E4EBDC9028C}"
EndProject
Global
	GlobalSection(SolutionConfigurationPlatforms) = preSolution
		Debug|Any CPU = Debug|Any CPU
		Release|Any CPU = Release|Any CPU
	EndGlobalSection
	GlobalSection(ProjectConfigurationPlatforms) = postSolution
		{C9F95197-E59B-452D-A20B-12B975771B70}.Debug|Any CPU.ActiveCfg = Debug|Any CPU
		{C9F95197-E59B-452D-A20B-12B975771B70}.Debug|Any CPU.Build.0 = Debug|Any CPU
		{C9F95197-E59B-452D-A20B-12B975771B70}.Release|Any CPU.ActiveCfg = Release|Any CPU
		{C9F95197-E59B-452D-A20B-12B975771B70}.Release|Any CPU.Build.0 = Release|Any CPU
		{EFDD9152-55E0-47E5-9001-9F1732151A33}.Debug|Any CPU.ActiveCfg = Debug|Any CPU
		{EFDD9152-55E0-47E5-9001-9F1732151A33}.Debug|Any CPU.Build.0 = Debug|Any CPU
		{EFDD9152-55E0-47E5-9001-9F1732151A33}.Release|Any CPU.ActiveCfg = Release|Any CPU
		{EFDD9152-55E0-47E5-9001-9F1732151A33}.Release|Any CPU.Build.0 = Release|Any CPU
		{0F5AE614-49A8-4426-B790-4CD0148EB5F9}.Debug|Any CPU.ActiveCfg = Debug|Any CPU
		{0F5AE614-49A8-4426-B790-4CD0148EB5F9}.Debug|Any CPU.Build.0 = Debug|Any CPU
		{0F5AE614-49A8-4426-B790-4CD0148EB5F9}.Release|Any CPU.ActiveCfg = Release|Any CPU
		{0F5AE614-49A8-4426-B790-4CD0148EB5F9}.Release|Any CPU.Build.0 = Release|Any CPU
		{977BC70B-2E0C-4C9D-BBBF-624F4CC0958C}.Debug|Any CPU.ActiveCfg = Debug|Any CPU
		{977BC70B-2E0C-4C9D-BBBF-624F4CC0958C}.Debug|Any CPU.Build.0 = Debug|Any CPU
		{977BC70B-2E0C-4C9D-BBBF-624F4CC0958C}.Release|Any CPU.ActiveCfg = Release|Any CPU
		{977BC70B-2E0C-4C9D-BBBF-624F4CC0958C}.Release|Any CPU.Build.0 = Release|Any CPU
		{F8595702-E8E7-4D24-8380-43D7406B0B3A}.Debug|Any CPU.ActiveCfg = Debug|Any CPU
		{F8595702-E8E7-4D24-8380-43D7406B0B3A}.Debug|Any CPU.Build.0 = Debug|Any CPU
		{F8595702-E8E7-4D24-8380-43D7406B0B3A}.Release|Any CPU.ActiveCfg = Release|Any CPU
		{F8595702-E8E7-4D24-8380-43D7406B0B3A}.Release|Any CPU.Build.0 = Release|Any CPU
		{E955D39F-98E1-403B-9782-0E4EBDC9028C}.Debug|Any CPU.ActiveCfg = Debug|Any CPU
		{E955D39F-98E1-403B-9782-0E4EBDC9028C}.Debug|Any CPU.Build.0 = Debug|Any CPU
		{E955D39F-98E1-403B-9782-0E4EBDC9028C}.Release|Any CPU.ActiveCfg = Release|Any CPU
		{E955D39F-98E1-403B-9782-0E4EBDC9028C}.Release|Any CPU.Build.0 = Release|Any CPU
	EndGlobalSection
	GlobalSection(SolutionProperties) = preSolution
		HideSolutionNode = FALSE
	EndGlobalSection
	GlobalSection(NestedProjects) = preSolution
		{C9F95197-E59B-452D-A20B-12B975771B70} = {4BD498A6-1F04-4713-9311-23E1FD259E02}
		{F8595702-E8E7-4D24-8380-43D7406B0B3A} = {C4C4CA0F-FD97-4BC9-A46C-7FEE6D4363E3}
		{E955D39F-98E1-403B-9782-0E4EBDC9028C} = {C4C4CA0F-FD97-4BC9-A46C-7FEE6D4363E3}
	EndGlobalSection
	GlobalSection(ExtensibilityGlobals) = postSolution
		SolutionGuid = {FF31EFF5-5B94-4E75-B4AC-D11E7C99F807}
	EndGlobalSection
EndGlobal
